// !$*UTF8*$!
{
	archiveVersion = 1;
	classes = {
	};
	objectVersion = 56;
	objects = {

/* Begin PBXBuildFile section */
		D47A7A092D12DDD50062EB4A /* appWithFirebaseApp.swift in Sources */ = {isa = PBXBuildFile; fileRef = D47A7A082D12DDD50062EB4A /* appWithFirebaseApp.swift */; };
		D47A7A0D2D12DDD70062EB4A /* Assets.xcassets in Resources */ = {isa = PBXBuildFile; fileRef = D47A7A0C2D12DDD70062EB4A /* Assets.xcassets */; };
		D47A7A102D12DDD70062EB4A /* Preview Assets.xcassets in Resources */ = {isa = PBXBuildFile; fileRef = D47A7A0F2D12DDD70062EB4A /* Preview Assets.xcassets */; };
		D47A7A1B2D12E87B0062EB4A /* CustomTextField.swift in Sources */ = {isa = PBXBuildFile; fileRef = D47A7A1A2D12E87B0062EB4A /* CustomTextField.swift */; };
		D49E17892D1BE47700CD5D32 /* GoogleSignIn in Frameworks */ = {isa = PBXBuildFile; productRef = D49E17882D1BE47700CD5D32 /* GoogleSignIn */; };
		D49E178B2D1BE47700CD5D32 /* GoogleSignInSwift in Frameworks */ = {isa = PBXBuildFile; productRef = D49E178A2D1BE47700CD5D32 /* GoogleSignInSwift */; };
		D49E178E2D1BE55700CD5D32 /* GoogleService-Info.plist in Resources */ = {isa = PBXBuildFile; fileRef = D49E178D2D1BE55700CD5D32 /* GoogleService-Info.plist */; };
		D49E17912D1BE84E00CD5D32 /* Utilities.swift in Sources */ = {isa = PBXBuildFile; fileRef = D49E17902D1BE84D00CD5D32 /* Utilities.swift */; };
		D49E17932D1BFE3400CD5D32 /* SignInGoogleHelper.swift in Sources */ = {isa = PBXBuildFile; fileRef = D49E17922D1BFE3400CD5D32 /* SignInGoogleHelper.swift */; };
		D49E17952D1C27FA00CD5D32 /* SignInAppleHelper.swift in Sources */ = {isa = PBXBuildFile; fileRef = D49E17942D1C27FA00CD5D32 /* SignInAppleHelper.swift */; };
		D49E17992D1D353A00CD5D32 /* SettingsViewModel.swift in Sources */ = {isa = PBXBuildFile; fileRef = D49E17982D1D353A00CD5D32 /* SettingsViewModel.swift */; };
		D49E179C2D1D358F00CD5D32 /* AuthenticationViewModel.swift in Sources */ = {isa = PBXBuildFile; fileRef = D49E179B2D1D358F00CD5D32 /* AuthenticationViewModel.swift */; };
		D49E179F2D1D35DB00CD5D32 /* SignInEmailViewModel.swift in Sources */ = {isa = PBXBuildFile; fileRef = D49E179E2D1D35DB00CD5D32 /* SignInEmailViewModel.swift */; };
		D4ADD5212D19456D00FBA181 /* FirebaseAnalytics in Frameworks */ = {isa = PBXBuildFile; productRef = D4ADD5202D19456D00FBA181 /* FirebaseAnalytics */; };
		D4ADD5232D19456D00FBA181 /* FirebaseCrashlytics in Frameworks */ = {isa = PBXBuildFile; productRef = D4ADD5222D19456D00FBA181 /* FirebaseCrashlytics */; };
		D4ADD5252D19456D00FBA181 /* FirebaseFirestore in Frameworks */ = {isa = PBXBuildFile; productRef = D4ADD5242D19456D00FBA181 /* FirebaseFirestore */; };
		D4ADD5272D19456D00FBA181 /* FirebaseRemoteConfig in Frameworks */ = {isa = PBXBuildFile; productRef = D4ADD5262D19456D00FBA181 /* FirebaseRemoteConfig */; };
		D4ADD52A2D194C3000FBA181 /* FirebaseAuth in Frameworks */ = {isa = PBXBuildFile; productRef = D4ADD5292D194C3000FBA181 /* FirebaseAuth */; };
		D4ADD52D2D194E8E00FBA181 /* AuthenticationView.swift in Sources */ = {isa = PBXBuildFile; fileRef = D4ADD52C2D194E8E00FBA181 /* AuthenticationView.swift */; };
		D4ADD52F2D1950E600FBA181 /* SignInEmailView.swift in Sources */ = {isa = PBXBuildFile; fileRef = D4ADD52E2D1950E600FBA181 /* SignInEmailView.swift */; };
		D4ADD5312D1953F400FBA181 /* AuthenticationManager.swift in Sources */ = {isa = PBXBuildFile; fileRef = D4ADD5302D1953F400FBA181 /* AuthenticationManager.swift */; };
		D4ADD5332D195B0E00FBA181 /* RootView.swift in Sources */ = {isa = PBXBuildFile; fileRef = D4ADD5322D195B0E00FBA181 /* RootView.swift */; };
		D4ADD5352D195FDA00FBA181 /* SettingsView.swift in Sources */ = {isa = PBXBuildFile; fileRef = D4ADD5342D195FDA00FBA181 /* SettingsView.swift */; };
/* End PBXBuildFile section */

/* Begin PBXFileReference section */
		D47A7A052D12DDD50062EB4A /* appWithFirebase.app */ = {isa = PBXFileReference; explicitFileType = wrapper.application; includeInIndex = 0; path = appWithFirebase.app; sourceTree = BUILT_PRODUCTS_DIR; };
		D47A7A082D12DDD50062EB4A /* appWithFirebaseApp.swift */ = {isa = PBXFileReference; lastKnownFileType = sourcecode.swift; path = appWithFirebaseApp.swift; sourceTree = "<group>"; };
		D47A7A0C2D12DDD70062EB4A /* Assets.xcassets */ = {isa = PBXFileReference; lastKnownFileType = folder.assetcatalog; path = Assets.xcassets; sourceTree = "<group>"; };
		D47A7A0F2D12DDD70062EB4A /* Preview Assets.xcassets */ = {isa = PBXFileReference; lastKnownFileType = folder.assetcatalog; path = "Preview Assets.xcassets"; sourceTree = "<group>"; };
		D47A7A1A2D12E87B0062EB4A /* CustomTextField.swift */ = {isa = PBXFileReference; lastKnownFileType = sourcecode.swift; path = CustomTextField.swift; sourceTree = "<group>"; };
		D49E178C2D1BE4D400CD5D32 /* Info.plist */ = {isa = PBXFileReference; lastKnownFileType = text.plist; path = Info.plist; sourceTree = "<group>"; };
		D49E178D2D1BE55700CD5D32 /* GoogleService-Info.plist */ = {isa = PBXFileReference; fileEncoding = 4; lastKnownFileType = text.plist.xml; path = "GoogleService-Info.plist"; sourceTree = "<group>"; };
		D49E17902D1BE84D00CD5D32 /* Utilities.swift */ = {isa = PBXFileReference; lastKnownFileType = sourcecode.swift; path = Utilities.swift; sourceTree = "<group>"; };
		D49E17922D1BFE3400CD5D32 /* SignInGoogleHelper.swift */ = {isa = PBXFileReference; lastKnownFileType = sourcecode.swift; path = SignInGoogleHelper.swift; sourceTree = "<group>"; };
		D49E17942D1C27FA00CD5D32 /* SignInAppleHelper.swift */ = {isa = PBXFileReference; lastKnownFileType = sourcecode.swift; path = SignInAppleHelper.swift; sourceTree = "<group>"; };
		D49E17982D1D353A00CD5D32 /* SettingsViewModel.swift */ = {isa = PBXFileReference; lastKnownFileType = sourcecode.swift; path = SettingsViewModel.swift; sourceTree = "<group>"; };
		D49E179B2D1D358F00CD5D32 /* AuthenticationViewModel.swift */ = {isa = PBXFileReference; lastKnownFileType = sourcecode.swift; path = AuthenticationViewModel.swift; sourceTree = "<group>"; };
		D49E179E2D1D35DB00CD5D32 /* SignInEmailViewModel.swift */ = {isa = PBXFileReference; lastKnownFileType = sourcecode.swift; path = SignInEmailViewModel.swift; sourceTree = "<group>"; };
		D4ADD52C2D194E8E00FBA181 /* AuthenticationView.swift */ = {isa = PBXFileReference; lastKnownFileType = sourcecode.swift; path = AuthenticationView.swift; sourceTree = "<group>"; };
		D4ADD52E2D1950E600FBA181 /* SignInEmailView.swift */ = {isa = PBXFileReference; lastKnownFileType = sourcecode.swift; path = SignInEmailView.swift; sourceTree = "<group>"; };
		D4ADD5302D1953F400FBA181 /* AuthenticationManager.swift */ = {isa = PBXFileReference; lastKnownFileType = sourcecode.swift; path = AuthenticationManager.swift; sourceTree = "<group>"; };
		D4ADD5322D195B0E00FBA181 /* RootView.swift */ = {isa = PBXFileReference; lastKnownFileType = sourcecode.swift; path = RootView.swift; sourceTree = "<group>"; };
		D4ADD5342D195FDA00FBA181 /* SettingsView.swift */ = {isa = PBXFileReference; lastKnownFileType = sourcecode.swift; path = SettingsView.swift; sourceTree = "<group>"; };
/* End PBXFileReference section */

/* Begin PBXFrameworksBuildPhase section */
		D47A7A022D12DDD50062EB4A /* Frameworks */ = {
			isa = PBXFrameworksBuildPhase;
			buildActionMask = 2147483647;
			files = (
				D4ADD5212D19456D00FBA181 /* FirebaseAnalytics in Frameworks */,
				D4ADD52A2D194C3000FBA181 /* FirebaseAuth in Frameworks */,
				D49E178B2D1BE47700CD5D32 /* GoogleSignInSwift in Frameworks */,
				D4ADD5232D19456D00FBA181 /* FirebaseCrashlytics in Frameworks */,
				D4ADD5252D19456D00FBA181 /* FirebaseFirestore in Frameworks */,
				D4ADD5272D19456D00FBA181 /* FirebaseRemoteConfig in Frameworks */,
				D49E17892D1BE47700CD5D32 /* GoogleSignIn in Frameworks */,
			);
			runOnlyForDeploymentPostprocessing = 0;
		};
/* End PBXFrameworksBuildPhase section */

/* Begin PBXGroup section */
		D47A79FC2D12DDD50062EB4A = {
			isa = PBXGroup;
			children = (
				D47A7A072D12DDD50062EB4A /* appWithFirebase */,
				D47A7A062D12DDD50062EB4A /* Products */,
				D4ADD5282D194C3000FBA181 /* Frameworks */,
			);
			sourceTree = "<group>";
		};
		D47A7A062D12DDD50062EB4A /* Products */ = {
			isa = PBXGroup;
			children = (
				D47A7A052D12DDD50062EB4A /* appWithFirebase.app */,
			);
			name = Products;
			sourceTree = "<group>";
		};
		D47A7A072D12DDD50062EB4A /* appWithFirebase */ = {
			isa = PBXGroup;
			children = (
				D49E178C2D1BE4D400CD5D32 /* Info.plist */,
				D47A7A082D12DDD50062EB4A /* appWithFirebaseApp.swift */,
				D49E17962D1D349C00CD5D32 /* Core */,
				D49E178F2D1BE83100CD5D32 /* Utilities */,
				D4ADD52B2D194E4100FBA181 /* Authentication */,
				D47A7A192D12E8670062EB4A /* Components */,
				D47A7A0C2D12DDD70062EB4A /* Assets.xcassets */,
				D49E178D2D1BE55700CD5D32 /* GoogleService-Info.plist */,
				D47A7A0E2D12DDD70062EB4A /* Preview Content */,
			);
			path = appWithFirebase;
			sourceTree = "<group>";
		};
		D47A7A0E2D12DDD70062EB4A /* Preview Content */ = {
			isa = PBXGroup;
			children = (
				D47A7A0F2D12DDD70062EB4A /* Preview Assets.xcassets */,
			);
			path = "Preview Content";
			sourceTree = "<group>";
		};
		D47A7A192D12E8670062EB4A /* Components */ = {
			isa = PBXGroup;
			children = (
				D47A7A1A2D12E87B0062EB4A /* CustomTextField.swift */,
			);
			path = Components;
			sourceTree = "<group>";
		};
		D49E178F2D1BE83100CD5D32 /* Utilities */ = {
			isa = PBXGroup;
			children = (
				D49E17902D1BE84D00CD5D32 /* Utilities.swift */,
			);
			path = Utilities;
			sourceTree = "<group>";
		};
		D49E17962D1D349C00CD5D32 /* Core */ = {
			isa = PBXGroup;
			children = (
				D4ADD5322D195B0E00FBA181 /* RootView.swift */,
				D49E17A02D1D35FE00CD5D32 /* Profile */,
				D49E179A2D1D356B00CD5D32 /* Authentication */,
				D49E17972D1D351400CD5D32 /* Settings */,
			);
			path = Core;
			sourceTree = "<group>";
		};
		D49E17972D1D351400CD5D32 /* Settings */ = {
			isa = PBXGroup;
			children = (
				D4ADD5342D195FDA00FBA181 /* SettingsView.swift */,
				D49E17982D1D353A00CD5D32 /* SettingsViewModel.swift */,
			);
			path = Settings;
			sourceTree = "<group>";
		};
		D49E179A2D1D356B00CD5D32 /* Authentication */ = {
			isa = PBXGroup;
			children = (
				D4ADD52C2D194E8E00FBA181 /* AuthenticationView.swift */,
				D49E179B2D1D358F00CD5D32 /* AuthenticationViewModel.swift */,
				D49E179D2D1D35BA00CD5D32 /* Subviews */,
			);
			path = Authentication;
			sourceTree = "<group>";
		};
		D49E179D2D1D35BA00CD5D32 /* Subviews */ = {
			isa = PBXGroup;
			children = (
				D4ADD52E2D1950E600FBA181 /* SignInEmailView.swift */,
				D49E179E2D1D35DB00CD5D32 /* SignInEmailViewModel.swift */,
			);
			path = Subviews;
			sourceTree = "<group>";
		};
		D49E17A02D1D35FE00CD5D32 /* Profile */ = {
			isa = PBXGroup;
			children = (
			);
			path = Profile;
			sourceTree = "<group>";
		};
		D4ADD5282D194C3000FBA181 /* Frameworks */ = {
			isa = PBXGroup;
			children = (
			);
			name = Frameworks;
			sourceTree = "<group>";
		};
		D4ADD52B2D194E4100FBA181 /* Authentication */ = {
			isa = PBXGroup;
			children = (
				D49E17942D1C27FA00CD5D32 /* SignInAppleHelper.swift */,
				D49E17922D1BFE3400CD5D32 /* SignInGoogleHelper.swift */,
				D4ADD5302D1953F400FBA181 /* AuthenticationManager.swift */,
			);
			path = Authentication;
			sourceTree = "<group>";
		};
/* End PBXGroup section */

/* Begin PBXNativeTarget section */
		D47A7A042D12DDD50062EB4A /* appWithFirebase */ = {
			isa = PBXNativeTarget;
			buildConfigurationList = D47A7A132D12DDD70062EB4A /* Build configuration list for PBXNativeTarget "appWithFirebase" */;
			buildPhases = (
				D47A7A012D12DDD50062EB4A /* Sources */,
				D47A7A022D12DDD50062EB4A /* Frameworks */,
				D47A7A032D12DDD50062EB4A /* Resources */,
			);
			buildRules = (
			);
			dependencies = (
			);
			name = appWithFirebase;
			packageProductDependencies = (
				D4ADD5202D19456D00FBA181 /* FirebaseAnalytics */,
				D4ADD5222D19456D00FBA181 /* FirebaseCrashlytics */,
				D4ADD5242D19456D00FBA181 /* FirebaseFirestore */,
				D4ADD5262D19456D00FBA181 /* FirebaseRemoteConfig */,
				D4ADD5292D194C3000FBA181 /* FirebaseAuth */,
				D49E17882D1BE47700CD5D32 /* GoogleSignIn */,
				D49E178A2D1BE47700CD5D32 /* GoogleSignInSwift */,
			);
			productName = appWithFirebase;
			productReference = D47A7A052D12DDD50062EB4A /* appWithFirebase.app */;
			productType = "com.apple.product-type.application";
		};
/* End PBXNativeTarget section */

/* Begin PBXProject section */
		D47A79FD2D12DDD50062EB4A /* Project object */ = {
			isa = PBXProject;
			attributes = {
				BuildIndependentTargetsInParallel = 1;
				LastSwiftUpdateCheck = 1540;
				LastUpgradeCheck = 1540;
				TargetAttributes = {
					D47A7A042D12DDD50062EB4A = {
						CreatedOnToolsVersion = 15.4;
					};
				};
			};
			buildConfigurationList = D47A7A002D12DDD50062EB4A /* Build configuration list for PBXProject "appWithFirebase" */;
			compatibilityVersion = "Xcode 14.0";
			developmentRegion = en;
			hasScannedForEncodings = 0;
			knownRegions = (
				en,
				Base,
			);
			mainGroup = D47A79FC2D12DDD50062EB4A;
			packageReferences = (
				D4ADD51F2D1825FD00FBA181 /* XCRemoteSwiftPackageReference "firebase-ios-sdk" */,
				D49E17872D1BE47700CD5D32 /* XCRemoteSwiftPackageReference "GoogleSignIn-iOS" */,
			);
			productRefGroup = D47A7A062D12DDD50062EB4A /* Products */;
			projectDirPath = "";
			projectRoot = "";
			targets = (
				D47A7A042D12DDD50062EB4A /* appWithFirebase */,
			);
		};
/* End PBXProject section */

/* Begin PBXResourcesBuildPhase section */
		D47A7A032D12DDD50062EB4A /* Resources */ = {
			isa = PBXResourcesBuildPhase;
			buildActionMask = 2147483647;
			files = (
				D47A7A102D12DDD70062EB4A /* Preview Assets.xcassets in Resources */,
				D49E178E2D1BE55700CD5D32 /* GoogleService-Info.plist in Resources */,
				D47A7A0D2D12DDD70062EB4A /* Assets.xcassets in Resources */,
			);
			runOnlyForDeploymentPostprocessing = 0;
		};
/* End PBXResourcesBuildPhase section */

/* Begin PBXSourcesBuildPhase section */
		D47A7A012D12DDD50062EB4A /* Sources */ = {
			isa = PBXSourcesBuildPhase;
			buildActionMask = 2147483647;
			files = (
				D49E179C2D1D358F00CD5D32 /* AuthenticationViewModel.swift in Sources */,
				D49E17932D1BFE3400CD5D32 /* SignInGoogleHelper.swift in Sources */,
				D47A7A1B2D12E87B0062EB4A /* CustomTextField.swift in Sources */,
				D49E179F2D1D35DB00CD5D32 /* SignInEmailViewModel.swift in Sources */,
				D4ADD5352D195FDA00FBA181 /* SettingsView.swift in Sources */,
				D4ADD52D2D194E8E00FBA181 /* AuthenticationView.swift in Sources */,
				D4ADD5312D1953F400FBA181 /* AuthenticationManager.swift in Sources */,
				D4ADD5332D195B0E00FBA181 /* RootView.swift in Sources */,
				D49E17912D1BE84E00CD5D32 /* Utilities.swift in Sources */,
				D47A7A092D12DDD50062EB4A /* appWithFirebaseApp.swift in Sources */,
				D49E17952D1C27FA00CD5D32 /* SignInAppleHelper.swift in Sources */,
				D4ADD52F2D1950E600FBA181 /* SignInEmailView.swift in Sources */,
				D49E17992D1D353A00CD5D32 /* SettingsViewModel.swift in Sources */,
			);
			runOnlyForDeploymentPostprocessing = 0;
		};
/* End PBXSourcesBuildPhase section */

/* Begin XCBuildConfiguration section */
		D47A7A112D12DDD70062EB4A /* Debug */ = {
			isa = XCBuildConfiguration;
			buildSettings = {
				ALWAYS_SEARCH_USER_PATHS = NO;
				ASSETCATALOG_COMPILER_GENERATE_SWIFT_ASSET_SYMBOL_EXTENSIONS = YES;
				CLANG_ANALYZER_NONNULL = YES;
				CLANG_ANALYZER_NUMBER_OBJECT_CONVERSION = YES_AGGRESSIVE;
				CLANG_CXX_LANGUAGE_STANDARD = "gnu++20";
				CLANG_ENABLE_MODULES = YES;
				CLANG_ENABLE_OBJC_ARC = YES;
				CLANG_ENABLE_OBJC_WEAK = YES;
				CLANG_WARN_BLOCK_CAPTURE_AUTORELEASING = YES;
				CLANG_WARN_BOOL_CONVERSION = YES;
				CLANG_WARN_COMMA = YES;
				CLANG_WARN_CONSTANT_CONVERSION = YES;
				CLANG_WARN_DEPRECATED_OBJC_IMPLEMENTATIONS = YES;
				CLANG_WARN_DIRECT_OBJC_ISA_USAGE = YES_ERROR;
				CLANG_WARN_DOCUMENTATION_COMMENTS = YES;
				CLANG_WARN_EMPTY_BODY = YES;
				CLANG_WARN_ENUM_CONVERSION = YES;
				CLANG_WARN_INFINITE_RECURSION = YES;
				CLANG_WARN_INT_CONVERSION = YES;
				CLANG_WARN_NON_LITERAL_NULL_CONVERSION = YES;
				CLANG_WARN_OBJC_IMPLICIT_RETAIN_SELF = YES;
				CLANG_WARN_OBJC_LITERAL_CONVERSION = YES;
				CLANG_WARN_OBJC_ROOT_CLASS = YES_ERROR;
				CLANG_WARN_QUOTED_INCLUDE_IN_FRAMEWORK_HEADER = YES;
				CLANG_WARN_RANGE_LOOP_ANALYSIS = YES;
				CLANG_WARN_STRICT_PROTOTYPES = YES;
				CLANG_WARN_SUSPICIOUS_MOVE = YES;
				CLANG_WARN_UNGUARDED_AVAILABILITY = YES_AGGRESSIVE;
				CLANG_WARN_UNREACHABLE_CODE = YES;
				CLANG_WARN__DUPLICATE_METHOD_MATCH = YES;
				COPY_PHASE_STRIP = NO;
				DEBUG_INFORMATION_FORMAT = dwarf;
				ENABLE_STRICT_OBJC_MSGSEND = YES;
				ENABLE_TESTABILITY = YES;
				ENABLE_USER_SCRIPT_SANDBOXING = YES;
				GCC_C_LANGUAGE_STANDARD = gnu17;
				GCC_DYNAMIC_NO_PIC = NO;
				GCC_NO_COMMON_BLOCKS = YES;
				GCC_OPTIMIZATION_LEVEL = 0;
				GCC_PREPROCESSOR_DEFINITIONS = (
					"DEBUG=1",
					"$(inherited)",
				);
				GCC_WARN_64_TO_32_BIT_CONVERSION = YES;
				GCC_WARN_ABOUT_RETURN_TYPE = YES_ERROR;
				GCC_WARN_UNDECLARED_SELECTOR = YES;
				GCC_WARN_UNINITIALIZED_AUTOS = YES_AGGRESSIVE;
				GCC_WARN_UNUSED_FUNCTION = YES;
				GCC_WARN_UNUSED_VARIABLE = YES;
				IPHONEOS_DEPLOYMENT_TARGET = 17.5;
				LOCALIZATION_PREFERS_STRING_CATALOGS = YES;
				MTL_ENABLE_DEBUG_INFO = INCLUDE_SOURCE;
				MTL_FAST_MATH = YES;
				ONLY_ACTIVE_ARCH = YES;
				SDKROOT = iphoneos;
				SWIFT_ACTIVE_COMPILATION_CONDITIONS = "DEBUG $(inherited)";
				SWIFT_OPTIMIZATION_LEVEL = "-Onone";
			};
			name = Debug;
		};
		D47A7A122D12DDD70062EB4A /* Release */ = {
			isa = XCBuildConfiguration;
			buildSettings = {
				ALWAYS_SEARCH_USER_PATHS = NO;
				ASSETCATALOG_COMPILER_GENERATE_SWIFT_ASSET_SYMBOL_EXTENSIONS = YES;
				CLANG_ANALYZER_NONNULL = YES;
				CLANG_ANALYZER_NUMBER_OBJECT_CONVERSION = YES_AGGRESSIVE;
				CLANG_CXX_LANGUAGE_STANDARD = "gnu++20";
				CLANG_ENABLE_MODULES = YES;
				CLANG_ENABLE_OBJC_ARC = YES;
				CLANG_ENABLE_OBJC_WEAK = YES;
				CLANG_WARN_BLOCK_CAPTURE_AUTORELEASING = YES;
				CLANG_WARN_BOOL_CONVERSION = YES;
				CLANG_WARN_COMMA = YES;
				CLANG_WARN_CONSTANT_CONVERSION = YES;
				CLANG_WARN_DEPRECATED_OBJC_IMPLEMENTATIONS = YES;
				CLANG_WARN_DIRECT_OBJC_ISA_USAGE = YES_ERROR;
				CLANG_WARN_DOCUMENTATION_COMMENTS = YES;
				CLANG_WARN_EMPTY_BODY = YES;
				CLANG_WARN_ENUM_CONVERSION = YES;
				CLANG_WARN_INFINITE_RECURSION = YES;
				CLANG_WARN_INT_CONVERSION = YES;
				CLANG_WARN_NON_LITERAL_NULL_CONVERSION = YES;
				CLANG_WARN_OBJC_IMPLICIT_RETAIN_SELF = YES;
				CLANG_WARN_OBJC_LITERAL_CONVERSION = YES;
				CLANG_WARN_OBJC_ROOT_CLASS = YES_ERROR;
				CLANG_WARN_QUOTED_INCLUDE_IN_FRAMEWORK_HEADER = YES;
				CLANG_WARN_RANGE_LOOP_ANALYSIS = YES;
				CLANG_WARN_STRICT_PROTOTYPES = YES;
				CLANG_WARN_SUSPICIOUS_MOVE = YES;
				CLANG_WARN_UNGUARDED_AVAILABILITY = YES_AGGRESSIVE;
				CLANG_WARN_UNREACHABLE_CODE = YES;
				CLANG_WARN__DUPLICATE_METHOD_MATCH = YES;
				COPY_PHASE_STRIP = NO;
				DEBUG_INFORMATION_FORMAT = "dwarf-with-dsym";
				ENABLE_NS_ASSERTIONS = NO;
				ENABLE_STRICT_OBJC_MSGSEND = YES;
				ENABLE_USER_SCRIPT_SANDBOXING = YES;
				GCC_C_LANGUAGE_STANDARD = gnu17;
				GCC_NO_COMMON_BLOCKS = YES;
				GCC_WARN_64_TO_32_BIT_CONVERSION = YES;
				GCC_WARN_ABOUT_RETURN_TYPE = YES_ERROR;
				GCC_WARN_UNDECLARED_SELECTOR = YES;
				GCC_WARN_UNINITIALIZED_AUTOS = YES_AGGRESSIVE;
				GCC_WARN_UNUSED_FUNCTION = YES;
				GCC_WARN_UNUSED_VARIABLE = YES;
				IPHONEOS_DEPLOYMENT_TARGET = 17.5;
				LOCALIZATION_PREFERS_STRING_CATALOGS = YES;
				MTL_ENABLE_DEBUG_INFO = NO;
				MTL_FAST_MATH = YES;
				SDKROOT = iphoneos;
				SWIFT_COMPILATION_MODE = wholemodule;
				VALIDATE_PRODUCT = YES;
			};
			name = Release;
		};
		D47A7A142D12DDD70062EB4A /* Debug */ = {
			isa = XCBuildConfiguration;
			buildSettings = {
				ASSETCATALOG_COMPILER_APPICON_NAME = AppIcon;
				ASSETCATALOG_COMPILER_GLOBAL_ACCENT_COLOR_NAME = AccentColor;
				CODE_SIGN_STYLE = Automatic;
				CURRENT_PROJECT_VERSION = 1;
				DEVELOPMENT_ASSET_PATHS = "\"appWithFirebase/Preview Content\"";
				DEVELOPMENT_TEAM = RY73MB67A7;
				ENABLE_PREVIEWS = YES;
				GENERATE_INFOPLIST_FILE = YES;
				INFOPLIST_FILE = appWithFirebase/Info.plist;
				INFOPLIST_KEY_UIApplicationSceneManifest_Generation = YES;
				INFOPLIST_KEY_UIApplicationSupportsIndirectInputEvents = YES;
				INFOPLIST_KEY_UILaunchScreen_Generation = YES;
				INFOPLIST_KEY_UISupportedInterfaceOrientations_iPad = "UIInterfaceOrientationPortrait UIInterfaceOrientationPortraitUpsideDown UIInterfaceOrientationLandscapeLeft UIInterfaceOrientationLandscapeRight";
				INFOPLIST_KEY_UISupportedInterfaceOrientations_iPhone = "UIInterfaceOrientationPortrait UIInterfaceOrientationLandscapeLeft UIInterfaceOrientationLandscapeRight";
				LD_RUNPATH_SEARCH_PATHS = (
					"$(inherited)",
					"@executable_path/Frameworks",
				);
				MARKETING_VERSION = 1.0;
				PRODUCT_BUNDLE_IDENTIFIER = com.hz.appWithFirebase;
				PRODUCT_NAME = "$(TARGET_NAME)";
				SWIFT_EMIT_LOC_STRINGS = YES;
				SWIFT_VERSION = 5.0;
				TARGETED_DEVICE_FAMILY = "1,2";
			};
			name = Debug;
		};
		D47A7A152D12DDD70062EB4A /* Release */ = {
			isa = XCBuildConfiguration;
			buildSettings = {
				ASSETCATALOG_COMPILER_APPICON_NAME = AppIcon;
				ASSETCATALOG_COMPILER_GLOBAL_ACCENT_COLOR_NAME = AccentColor;
				CODE_SIGN_STYLE = Automatic;
				CURRENT_PROJECT_VERSION = 1;
				DEVELOPMENT_ASSET_PATHS = "\"appWithFirebase/Preview Content\"";
				DEVELOPMENT_TEAM = RY73MB67A7;
				ENABLE_PREVIEWS = YES;
				GENERATE_INFOPLIST_FILE = YES;
				INFOPLIST_FILE = appWithFirebase/Info.plist;
				INFOPLIST_KEY_UIApplicationSceneManifest_Generation = YES;
				INFOPLIST_KEY_UIApplicationSupportsIndirectInputEvents = YES;
				INFOPLIST_KEY_UILaunchScreen_Generation = YES;
				INFOPLIST_KEY_UISupportedInterfaceOrientations_iPad = "UIInterfaceOrientationPortrait UIInterfaceOrientationPortraitUpsideDown UIInterfaceOrientationLandscapeLeft UIInterfaceOrientationLandscapeRight";
				INFOPLIST_KEY_UISupportedInterfaceOrientations_iPhone = "UIInterfaceOrientationPortrait UIInterfaceOrientationLandscapeLeft UIInterfaceOrientationLandscapeRight";
				LD_RUNPATH_SEARCH_PATHS = (
					"$(inherited)",
					"@executable_path/Frameworks",
				);
				MARKETING_VERSION = 1.0;
				PRODUCT_BUNDLE_IDENTIFIER = com.hz.appWithFirebase;
				PRODUCT_NAME = "$(TARGET_NAME)";
				SWIFT_EMIT_LOC_STRINGS = YES;
				SWIFT_VERSION = 5.0;
				TARGETED_DEVICE_FAMILY = "1,2";
			};
			name = Release;
		};
/* End XCBuildConfiguration section */

/* Begin XCConfigurationList section */
		D47A7A002D12DDD50062EB4A /* Build configuration list for PBXProject "appWithFirebase" */ = {
			isa = XCConfigurationList;
			buildConfigurations = (
				D47A7A112D12DDD70062EB4A /* Debug */,
				D47A7A122D12DDD70062EB4A /* Release */,
			);
			defaultConfigurationIsVisible = 0;
			defaultConfigurationName = Release;
		};
		D47A7A132D12DDD70062EB4A /* Build configuration list for PBXNativeTarget "appWithFirebase" */ = {
			isa = XCConfigurationList;
			buildConfigurations = (
				D47A7A142D12DDD70062EB4A /* Debug */,
				D47A7A152D12DDD70062EB4A /* Release */,
			);
			defaultConfigurationIsVisible = 0;
			defaultConfigurationName = Release;
		};
/* End XCConfigurationList section */

/* Begin XCRemoteSwiftPackageReference section */
		D49E17872D1BE47700CD5D32 /* XCRemoteSwiftPackageReference "GoogleSignIn-iOS" */ = {
			isa = XCRemoteSwiftPackageReference;
			repositoryURL = "https://github.com/google/GoogleSignIn-iOS.git";
			requirement = {
				kind = upToNextMajorVersion;
				minimumVersion = 8.0.0;
			};
		};
		D4ADD51F2D1825FD00FBA181 /* XCRemoteSwiftPackageReference "firebase-ios-sdk" */ = {
			isa = XCRemoteSwiftPackageReference;
			repositoryURL = "https://github.com/firebase/firebase-ios-sdk.git";
			requirement = {
				kind = upToNextMajorVersion;
				minimumVersion = 11.6.0;
			};
		};
/* End XCRemoteSwiftPackageReference section */

/* Begin XCSwiftPackageProductDependency section */
		D49E17882D1BE47700CD5D32 /* GoogleSignIn */ = {
			isa = XCSwiftPackageProductDependency;
			package = D49E17872D1BE47700CD5D32 /* XCRemoteSwiftPackageReference "GoogleSignIn-iOS" */;
			productName = GoogleSignIn;
		};
		D49E178A2D1BE47700CD5D32 /* GoogleSignInSwift */ = {
			isa = XCSwiftPackageProductDependency;
			package = D49E17872D1BE47700CD5D32 /* XCRemoteSwiftPackageReference "GoogleSignIn-iOS" */;
			productName = GoogleSignInSwift;
		};
		D4ADD5202D19456D00FBA181 /* FirebaseAnalytics */ = {
			isa = XCSwiftPackageProductDependency;
			package = D4ADD51F2D1825FD00FBA181 /* XCRemoteSwiftPackageReference "firebase-ios-sdk" */;
			productName = FirebaseAnalytics;
		};
		D4ADD5222D19456D00FBA181 /* FirebaseCrashlytics */ = {
			isa = XCSwiftPackageProductDependency;
			package = D4ADD51F2D1825FD00FBA181 /* XCRemoteSwiftPackageReference "firebase-ios-sdk" */;
			productName = FirebaseCrashlytics;
		};
		D4ADD5242D19456D00FBA181 /* FirebaseFirestore */ = {
			isa = XCSwiftPackageProductDependency;
			package = D4ADD51F2D1825FD00FBA181 /* XCRemoteSwiftPackageReference "firebase-ios-sdk" */;
			productName = FirebaseFirestore;
		};
		D4ADD5262D19456D00FBA181 /* FirebaseRemoteConfig */ = {
			isa = XCSwiftPackageProductDependency;
			package = D4ADD51F2D1825FD00FBA181 /* XCRemoteSwiftPackageReference "firebase-ios-sdk" */;
			productName = FirebaseRemoteConfig;
		};
		D4ADD5292D194C3000FBA181 /* FirebaseAuth */ = {
			isa = XCSwiftPackageProductDependency;
			package = D4ADD51F2D1825FD00FBA181 /* XCRemoteSwiftPackageReference "firebase-ios-sdk" */;
			productName = FirebaseAuth;
		};
/* End XCSwiftPackageProductDependency section */
	};
	rootObject = D47A79FD2D12DDD50062EB4A /* Project object */;
}
